// !$*UTF8*$!
{
	archiveVersion = 1;
	classes = {
	};
	objectVersion = 55;
	objects = {

/* Begin PBXBuildFile section */
		8A7B8C13273AF03100627A63 /* ViewController.swift in Sources */ = {isa = PBXBuildFile; fileRef = 8A7B8C12273AF03100627A63 /* ViewController.swift */; };
		8A958E8C273AA0A500440CB7 /* Realm in Frameworks */ = {isa = PBXBuildFile; productRef = 8A958E8B273AA0A500440CB7 /* Realm */; };
		8A958E8E273AA0A500440CB7 /* RealmSwift in Frameworks */ = {isa = PBXBuildFile; productRef = 8A958E8D273AA0A500440CB7 /* RealmSwift */; };
		8A9BDC2F27396066008256BC /* DetailMemo.storyboard in Resources */ = {isa = PBXBuildFile; fileRef = 8A9BDC2E27396066008256BC /* DetailMemo.storyboard */; };
		8A9BDC31273960F6008256BC /* Memo.swift in Sources */ = {isa = PBXBuildFile; fileRef = 8A9BDC30273960F6008256BC /* Memo.swift */; };
		8A9BDC3427396380008256BC /* MemoListTableViewCell.swift in Sources */ = {isa = PBXBuildFile; fileRef = 8A9BDC3227396380008256BC /* MemoListTableViewCell.swift */; };
		8A9BDC3527396380008256BC /* MemoListTableViewCell.xib in Resources */ = {isa = PBXBuildFile; fileRef = 8A9BDC3327396380008256BC /* MemoListTableViewCell.xib */; };
		8ABB3DD027398BA80015B72B /* DetailViewController.swift in Sources */ = {isa = PBXBuildFile; fileRef = 8ABB3DCF27398BA80015B72B /* DetailViewController.swift */; };
		8ABB3DD227398C700015B72B /* Constants.swift in Sources */ = {isa = PBXBuildFile; fileRef = 8ABB3DD127398C700015B72B /* Constants.swift */; };
		8ABB3DD527398D980015B72B /* Date+Extension.swift in Sources */ = {isa = PBXBuildFile; fileRef = 8ABB3DD427398D980015B72B /* Date+Extension.swift */; };
		8ABB3DD7273994630015B72B /* MemoListViewController+Configure.swift in Sources */ = {isa = PBXBuildFile; fileRef = 8ABB3DD6273994630015B72B /* MemoListViewController+Configure.swift */; };
		8ABB3DDA273994980015B72B /* MemoListViewController+TableView.swift in Sources */ = {isa = PBXBuildFile; fileRef = 8ABB3DD9273994980015B72B /* MemoListViewController+TableView.swift */; };
		8ABB3DDC273994D80015B72B /* String+Extension.swift in Sources */ = {isa = PBXBuildFile; fileRef = 8ABB3DDB273994D80015B72B /* String+Extension.swift */; };
		8AE35CF227395F9A0023AD2B /* AppDelegate.swift in Sources */ = {isa = PBXBuildFile; fileRef = 8AE35CF127395F9A0023AD2B /* AppDelegate.swift */; };
		8AE35CF427395F9A0023AD2B /* SceneDelegate.swift in Sources */ = {isa = PBXBuildFile; fileRef = 8AE35CF327395F9A0023AD2B /* SceneDelegate.swift */; };
		8AE35CF627395F9A0023AD2B /* MemoListViewController.swift in Sources */ = {isa = PBXBuildFile; fileRef = 8AE35CF527395F9A0023AD2B /* MemoListViewController.swift */; };
		8AE35CF927395F9A0023AD2B /* Main.storyboard in Resources */ = {isa = PBXBuildFile; fileRef = 8AE35CF727395F9A0023AD2B /* Main.storyboard */; };
		8AE35CFB27395F9B0023AD2B /* Assets.xcassets in Resources */ = {isa = PBXBuildFile; fileRef = 8AE35CFA27395F9B0023AD2B /* Assets.xcassets */; };
		8AE35CFE27395F9B0023AD2B /* LaunchScreen.storyboard in Resources */ = {isa = PBXBuildFile; fileRef = 8AE35CFC27395F9B0023AD2B /* LaunchScreen.storyboard */; };
		8AE35D06273960050023AD2B /* MemoList.storyboard in Resources */ = {isa = PBXBuildFile; fileRef = 8AE35D05273960050023AD2B /* MemoList.storyboard */; };
/* End PBXBuildFile section */

/* Begin PBXFileReference section */
		8A7B8C12273AF03100627A63 /* ViewController.swift */ = {isa = PBXFileReference; lastKnownFileType = sourcecode.swift; path = ViewController.swift; sourceTree = "<group>"; };
		8A9BDC2E27396066008256BC /* DetailMemo.storyboard */ = {isa = PBXFileReference; lastKnownFileType = file.storyboard; path = DetailMemo.storyboard; sourceTree = "<group>"; };
		8A9BDC30273960F6008256BC /* Memo.swift */ = {isa = PBXFileReference; lastKnownFileType = sourcecode.swift; path = Memo.swift; sourceTree = "<group>"; };
		8A9BDC3227396380008256BC /* MemoListTableViewCell.swift */ = {isa = PBXFileReference; lastKnownFileType = sourcecode.swift; path = MemoListTableViewCell.swift; sourceTree = "<group>"; };
		8A9BDC3327396380008256BC /* MemoListTableViewCell.xib */ = {isa = PBXFileReference; lastKnownFileType = file.xib; path = MemoListTableViewCell.xib; sourceTree = "<group>"; };
		8ABB3DCF27398BA80015B72B /* DetailViewController.swift */ = {isa = PBXFileReference; lastKnownFileType = sourcecode.swift; path = DetailViewController.swift; sourceTree = "<group>"; };
		8ABB3DD127398C700015B72B /* Constants.swift */ = {isa = PBXFileReference; lastKnownFileType = sourcecode.swift; path = Constants.swift; sourceTree = "<group>"; };
		8ABB3DD427398D980015B72B /* Date+Extension.swift */ = {isa = PBXFileReference; lastKnownFileType = sourcecode.swift; path = "Date+Extension.swift"; sourceTree = "<group>"; };
		8ABB3DD6273994630015B72B /* MemoListViewController+Configure.swift */ = {isa = PBXFileReference; lastKnownFileType = sourcecode.swift; path = "MemoListViewController+Configure.swift"; sourceTree = "<group>"; };
		8ABB3DD9273994980015B72B /* MemoListViewController+TableView.swift */ = {isa = PBXFileReference; lastKnownFileType = sourcecode.swift; path = "MemoListViewController+TableView.swift"; sourceTree = "<group>"; };
		8ABB3DDB273994D80015B72B /* String+Extension.swift */ = {isa = PBXFileReference; lastKnownFileType = sourcecode.swift; path = "String+Extension.swift"; sourceTree = "<group>"; };
		8AE35CEE27395F9A0023AD2B /* MemoMemo.app */ = {isa = PBXFileReference; explicitFileType = wrapper.application; includeInIndex = 0; path = MemoMemo.app; sourceTree = BUILT_PRODUCTS_DIR; };
		8AE35CF127395F9A0023AD2B /* AppDelegate.swift */ = {isa = PBXFileReference; lastKnownFileType = sourcecode.swift; path = AppDelegate.swift; sourceTree = "<group>"; };
		8AE35CF327395F9A0023AD2B /* SceneDelegate.swift */ = {isa = PBXFileReference; lastKnownFileType = sourcecode.swift; path = SceneDelegate.swift; sourceTree = "<group>"; };
		8AE35CF527395F9A0023AD2B /* MemoListViewController.swift */ = {isa = PBXFileReference; lastKnownFileType = sourcecode.swift; path = MemoListViewController.swift; sourceTree = "<group>"; };
		8AE35CF827395F9A0023AD2B /* Base */ = {isa = PBXFileReference; lastKnownFileType = file.storyboard; name = Base; path = Base.lproj/Main.storyboard; sourceTree = "<group>"; };
		8AE35CFA27395F9B0023AD2B /* Assets.xcassets */ = {isa = PBXFileReference; lastKnownFileType = folder.assetcatalog; path = Assets.xcassets; sourceTree = "<group>"; };
		8AE35CFD27395F9B0023AD2B /* Base */ = {isa = PBXFileReference; lastKnownFileType = file.storyboard; name = Base; path = Base.lproj/LaunchScreen.storyboard; sourceTree = "<group>"; };
		8AE35CFF27395F9B0023AD2B /* Info.plist */ = {isa = PBXFileReference; lastKnownFileType = text.plist.xml; path = Info.plist; sourceTree = "<group>"; };
		8AE35D05273960050023AD2B /* MemoList.storyboard */ = {isa = PBXFileReference; lastKnownFileType = file.storyboard; path = MemoList.storyboard; sourceTree = "<group>"; };
/* End PBXFileReference section */

/* Begin PBXFrameworksBuildPhase section */
		8AE35CEB27395F9A0023AD2B /* Frameworks */ = {
			isa = PBXFrameworksBuildPhase;
			buildActionMask = 2147483647;
			files = (
				8A958E8E273AA0A500440CB7 /* RealmSwift in Frameworks */,
				8A958E8C273AA0A500440CB7 /* Realm in Frameworks */,
			);
			runOnlyForDeploymentPostprocessing = 0;
		};
/* End PBXFrameworksBuildPhase section */

/* Begin PBXGroup section */
		8A04475A273975B70064875A /* MemoList */ = {
			isa = PBXGroup;
			children = (
				8AE35D05273960050023AD2B /* MemoList.storyboard */,
				8A9BDC3227396380008256BC /* MemoListTableViewCell.swift */,
				8A9BDC3327396380008256BC /* MemoListTableViewCell.xib */,
			);
			path = MemoList;
			sourceTree = "<group>";
		};
		8A9BDC3627397036008256BC /* Controller */ = {
			isa = PBXGroup;
			children = (
				8ABB3DD8273994810015B72B /* MemoListVIewController */,
				8ABB3DCF27398BA80015B72B /* DetailViewController.swift */,
			);
			path = Controller;
			sourceTree = "<group>";
		};
		8A9BDC372739703B008256BC /* Model */ = {
			isa = PBXGroup;
			children = (
				8A9BDC30273960F6008256BC /* Memo.swift */,
				8ABB3DD127398C700015B72B /* Constants.swift */,
			);
			path = Model;
			sourceTree = "<group>";
		};
		8ABB3DD327398D8B0015B72B /* Extensions */ = {
			isa = PBXGroup;
			children = (
				8ABB3DD427398D980015B72B /* Date+Extension.swift */,
				8ABB3DDB273994D80015B72B /* String+Extension.swift */,
				8A7B8C12273AF03100627A63 /* ViewController.swift */,
			);
			path = Extensions;
			sourceTree = "<group>";
		};
		8ABB3DD8273994810015B72B /* MemoListVIewController */ = {
			isa = PBXGroup;
			children = (
				8AE35CF527395F9A0023AD2B /* MemoListViewController.swift */,
				8ABB3DD9273994980015B72B /* MemoListViewController+TableView.swift */,
				8ABB3DD6273994630015B72B /* MemoListViewController+Configure.swift */,
			);
			path = MemoListVIewController;
			sourceTree = "<group>";
		};
		8AE35CE527395F9A0023AD2B = {
			isa = PBXGroup;
			children = (
				8AE35CF027395F9A0023AD2B /* MemoMemo */,
				8AE35CEF27395F9A0023AD2B /* Products */,
			);
			sourceTree = "<group>";
		};
		8AE35CEF27395F9A0023AD2B /* Products */ = {
			isa = PBXGroup;
			children = (
				8AE35CEE27395F9A0023AD2B /* MemoMemo.app */,
			);
			name = Products;
			sourceTree = "<group>";
		};
		8AE35CF027395F9A0023AD2B /* MemoMemo */ = {
			isa = PBXGroup;
			children = (
				8AE35CF127395F9A0023AD2B /* AppDelegate.swift */,
				8AE35CF327395F9A0023AD2B /* SceneDelegate.swift */,
				8ABB3DD327398D8B0015B72B /* Extensions */,
				8A9BDC372739703B008256BC /* Model */,
				8A9BDC3627397036008256BC /* Controller */,
				8AE35D072739600C0023AD2B /* Views */,
				8AE35CFA27395F9B0023AD2B /* Assets.xcassets */,
				8AE35CFF27395F9B0023AD2B /* Info.plist */,
			);
			path = MemoMemo;
			sourceTree = "<group>";
		};
		8AE35D072739600C0023AD2B /* Views */ = {
			isa = PBXGroup;
			children = (
				8AE35CF727395F9A0023AD2B /* Main.storyboard */,
				8A04475A273975B70064875A /* MemoList */,
				8A9BDC2E27396066008256BC /* DetailMemo.storyboard */,
				8AE35CFC27395F9B0023AD2B /* LaunchScreen.storyboard */,
			);
			path = Views;
			sourceTree = "<group>";
		};
/* End PBXGroup section */

/* Begin PBXNativeTarget section */
		8AE35CED27395F9A0023AD2B /* MemoMemo */ = {
			isa = PBXNativeTarget;
			buildConfigurationList = 8AE35D0227395F9B0023AD2B /* Build configuration list for PBXNativeTarget "MemoMemo" */;
			buildPhases = (
				8AE35CEA27395F9A0023AD2B /* Sources */,
				8AE35CEB27395F9A0023AD2B /* Frameworks */,
				8AE35CEC27395F9A0023AD2B /* Resources */,
			);
			buildRules = (
			);
			dependencies = (
			);
			name = MemoMemo;
			packageProductDependencies = (
				8A958E8B273AA0A500440CB7 /* Realm */,
				8A958E8D273AA0A500440CB7 /* RealmSwift */,
			);
			productName = MemoMemo;
			productReference = 8AE35CEE27395F9A0023AD2B /* MemoMemo.app */;
			productType = "com.apple.product-type.application";
		};
/* End PBXNativeTarget section */

/* Begin PBXProject section */
		8AE35CE627395F9A0023AD2B /* Project object */ = {
			isa = PBXProject;
			attributes = {
				BuildIndependentTargetsInParallel = 1;
				LastSwiftUpdateCheck = 1310;
				LastUpgradeCheck = 1310;
				TargetAttributes = {
					8AE35CED27395F9A0023AD2B = {
						CreatedOnToolsVersion = 13.1;
					};
				};
			};
			buildConfigurationList = 8AE35CE927395F9A0023AD2B /* Build configuration list for PBXProject "MemoMemo" */;
			compatibilityVersion = "Xcode 13.0";
			developmentRegion = en;
			hasScannedForEncodings = 0;
			knownRegions = (
				en,
				Base,
			);
			mainGroup = 8AE35CE527395F9A0023AD2B;
			packageReferences = (
				8A958E8A273AA0A500440CB7 /* XCRemoteSwiftPackageReference "realm-cocoa" */,
			);
			productRefGroup = 8AE35CEF27395F9A0023AD2B /* Products */;
			projectDirPath = "";
			projectRoot = "";
			targets = (
				8AE35CED27395F9A0023AD2B /* MemoMemo */,
			);
		};
/* End PBXProject section */

/* Begin PBXResourcesBuildPhase section */
		8AE35CEC27395F9A0023AD2B /* Resources */ = {
			isa = PBXResourcesBuildPhase;
			buildActionMask = 2147483647;
			files = (
				8AE35D06273960050023AD2B /* MemoList.storyboard in Resources */,
				8A9BDC3527396380008256BC /* MemoListTableViewCell.xib in Resources */,
				8AE35CFE27395F9B0023AD2B /* LaunchScreen.storyboard in Resources */,
				8A9BDC2F27396066008256BC /* DetailMemo.storyboard in Resources */,
				8AE35CFB27395F9B0023AD2B /* Assets.xcassets in Resources */,
				8AE35CF927395F9A0023AD2B /* Main.storyboard in Resources */,
			);
			runOnlyForDeploymentPostprocessing = 0;
		};
/* End PBXResourcesBuildPhase section */

/* Begin PBXSourcesBuildPhase section */
		8AE35CEA27395F9A0023AD2B /* Sources */ = {
			isa = PBXSourcesBuildPhase;
			buildActionMask = 2147483647;
			files = (
				8A9BDC3427396380008256BC /* MemoListTableViewCell.swift in Sources */,
				8ABB3DDC273994D80015B72B /* String+Extension.swift in Sources */,
				8AE35CF627395F9A0023AD2B /* MemoListViewController.swift in Sources */,
				8AE35CF227395F9A0023AD2B /* AppDelegate.swift in Sources */,
				8ABB3DD027398BA80015B72B /* DetailViewController.swift in Sources */,
				8ABB3DD7273994630015B72B /* MemoListViewController+Configure.swift in Sources */,
				8A7B8C13273AF03100627A63 /* ViewController.swift in Sources */,
				8ABB3DD227398C700015B72B /* Constants.swift in Sources */,
				8ABB3DDA273994980015B72B /* MemoListViewController+TableView.swift in Sources */,
				8ABB3DD527398D980015B72B /* Date+Extension.swift in Sources */,
				8AE35CF427395F9A0023AD2B /* SceneDelegate.swift in Sources */,
				8A9BDC31273960F6008256BC /* Memo.swift in Sources */,
			);
			runOnlyForDeploymentPostprocessing = 0;
		};
/* End PBXSourcesBuildPhase section */

/* Begin PBXVariantGroup section */
		8AE35CF727395F9A0023AD2B /* Main.storyboard */ = {
			isa = PBXVariantGroup;
			children = (
				8AE35CF827395F9A0023AD2B /* Base */,
			);
			name = Main.storyboard;
			sourceTree = "<group>";
		};
		8AE35CFC27395F9B0023AD2B /* LaunchScreen.storyboard */ = {
			isa = PBXVariantGroup;
			children = (
				8AE35CFD27395F9B0023AD2B /* Base */,
			);
			name = LaunchScreen.storyboard;
			sourceTree = "<group>";
		};
/* End PBXVariantGroup section */

/* Begin XCBuildConfiguration section */
		8AE35D0027395F9B0023AD2B /* Debug */ = {
			isa = XCBuildConfiguration;
			buildSettings = {
				ALWAYS_SEARCH_USER_PATHS = NO;
				CLANG_ANALYZER_NONNULL = YES;
				CLANG_ANALYZER_NUMBER_OBJECT_CONVERSION = YES_AGGRESSIVE;
				CLANG_CXX_LANGUAGE_STANDARD = "gnu++17";
				CLANG_CXX_LIBRARY = "libc++";
				CLANG_ENABLE_MODULES = YES;
				CLANG_ENABLE_OBJC_ARC = YES;
				CLANG_ENABLE_OBJC_WEAK = YES;
				CLANG_WARN_BLOCK_CAPTURE_AUTORELEASING = YES;
				CLANG_WARN_BOOL_CONVERSION = YES;
				CLANG_WARN_COMMA = YES;
				CLANG_WARN_CONSTANT_CONVERSION = YES;
				CLANG_WARN_DEPRECATED_OBJC_IMPLEMENTATIONS = YES;
				CLANG_WARN_DIRECT_OBJC_ISA_USAGE = YES_ERROR;
				CLANG_WARN_DOCUMENTATION_COMMENTS = YES;
				CLANG_WARN_EMPTY_BODY = YES;
				CLANG_WARN_ENUM_CONVERSION = YES;
				CLANG_WARN_INFINITE_RECURSION = YES;
				CLANG_WARN_INT_CONVERSION = YES;
				CLANG_WARN_NON_LITERAL_NULL_CONVERSION = YES;
				CLANG_WARN_OBJC_IMPLICIT_RETAIN_SELF = YES;
				CLANG_WARN_OBJC_LITERAL_CONVERSION = YES;
				CLANG_WARN_OBJC_ROOT_CLASS = YES_ERROR;
				CLANG_WARN_QUOTED_INCLUDE_IN_FRAMEWORK_HEADER = YES;
				CLANG_WARN_RANGE_LOOP_ANALYSIS = YES;
				CLANG_WARN_STRICT_PROTOTYPES = YES;
				CLANG_WARN_SUSPICIOUS_MOVE = YES;
				CLANG_WARN_UNGUARDED_AVAILABILITY = YES_AGGRESSIVE;
				CLANG_WARN_UNREACHABLE_CODE = YES;
				CLANG_WARN__DUPLICATE_METHOD_MATCH = YES;
				COPY_PHASE_STRIP = NO;
				DEBUG_INFORMATION_FORMAT = dwarf;
				ENABLE_STRICT_OBJC_MSGSEND = YES;
				ENABLE_TESTABILITY = YES;
				GCC_C_LANGUAGE_STANDARD = gnu11;
				GCC_DYNAMIC_NO_PIC = NO;
				GCC_NO_COMMON_BLOCKS = YES;
				GCC_OPTIMIZATION_LEVEL = 0;
				GCC_PREPROCESSOR_DEFINITIONS = (
					"DEBUG=1",
					"$(inherited)",
				);
				GCC_WARN_64_TO_32_BIT_CONVERSION = YES;
				GCC_WARN_ABOUT_RETURN_TYPE = YES_ERROR;
				GCC_WARN_UNDECLARED_SELECTOR = YES;
				GCC_WARN_UNINITIALIZED_AUTOS = YES_AGGRESSIVE;
				GCC_WARN_UNUSED_FUNCTION = YES;
				GCC_WARN_UNUSED_VARIABLE = YES;
				IPHONEOS_DEPLOYMENT_TARGET = 15.0;
				MTL_ENABLE_DEBUG_INFO = INCLUDE_SOURCE;
				MTL_FAST_MATH = YES;
				ONLY_ACTIVE_ARCH = YES;
				SDKROOT = iphoneos;
				SWIFT_ACTIVE_COMPILATION_CONDITIONS = DEBUG;
				SWIFT_OPTIMIZATION_LEVEL = "-Onone";
			};
			name = Debug;
		};
		8AE35D0127395F9B0023AD2B /* Release */ = {
			isa = XCBuildConfiguration;
			buildSettings = {
				ALWAYS_SEARCH_USER_PATHS = NO;
				CLANG_ANALYZER_NONNULL = YES;
				CLANG_ANALYZER_NUMBER_OBJECT_CONVERSION = YES_AGGRESSIVE;
				CLANG_CXX_LANGUAGE_STANDARD = "gnu++17";
				CLANG_CXX_LIBRARY = "libc++";
				CLANG_ENABLE_MODULES = YES;
				CLANG_ENABLE_OBJC_ARC = YES;
				CLANG_ENABLE_OBJC_WEAK = YES;
				CLANG_WARN_BLOCK_CAPTURE_AUTORELEASING = YES;
				CLANG_WARN_BOOL_CONVERSION = YES;
				CLANG_WARN_COMMA = YES;
				CLANG_WARN_CONSTANT_CONVERSION = YES;
				CLANG_WARN_DEPRECATED_OBJC_IMPLEMENTATIONS = YES;
				CLANG_WARN_DIRECT_OBJC_ISA_USAGE = YES_ERROR;
				CLANG_WARN_DOCUMENTATION_COMMENTS = YES;
				CLANG_WARN_EMPTY_BODY = YES;
				CLANG_WARN_ENUM_CONVERSION = YES;
				CLANG_WARN_INFINITE_RECURSION = YES;
				CLANG_WARN_INT_CONVERSION = YES;
				CLANG_WARN_NON_LITERAL_NULL_CONVERSION = YES;
				CLANG_WARN_OBJC_IMPLICIT_RETAIN_SELF = YES;
				CLANG_WARN_OBJC_LITERAL_CONVERSION = YES;
				CLANG_WARN_OBJC_ROOT_CLASS = YES_ERROR;
				CLANG_WARN_QUOTED_INCLUDE_IN_FRAMEWORK_HEADER = YES;
				CLANG_WARN_RANGE_LOOP_ANALYSIS = YES;
				CLANG_WARN_STRICT_PROTOTYPES = YES;
				CLANG_WARN_SUSPICIOUS_MOVE = YES;
				CLANG_WARN_UNGUARDED_AVAILABILITY = YES_AGGRESSIVE;
				CLANG_WARN_UNREACHABLE_CODE = YES;
				CLANG_WARN__DUPLICATE_METHOD_MATCH = YES;
				COPY_PHASE_STRIP = NO;
				DEBUG_INFORMATION_FORMAT = "dwarf-with-dsym";
				ENABLE_NS_ASSERTIONS = NO;
				ENABLE_STRICT_OBJC_MSGSEND = YES;
				GCC_C_LANGUAGE_STANDARD = gnu11;
				GCC_NO_COMMON_BLOCKS = YES;
				GCC_WARN_64_TO_32_BIT_CONVERSION = YES;
				GCC_WARN_ABOUT_RETURN_TYPE = YES_ERROR;
				GCC_WARN_UNDECLARED_SELECTOR = YES;
				GCC_WARN_UNINITIALIZED_AUTOS = YES_AGGRESSIVE;
				GCC_WARN_UNUSED_FUNCTION = YES;
				GCC_WARN_UNUSED_VARIABLE = YES;
				IPHONEOS_DEPLOYMENT_TARGET = 15.0;
				MTL_ENABLE_DEBUG_INFO = NO;
				MTL_FAST_MATH = YES;
				SDKROOT = iphoneos;
				SWIFT_COMPILATION_MODE = wholemodule;
				SWIFT_OPTIMIZATION_LEVEL = "-O";
				VALIDATE_PRODUCT = YES;
			};
			name = Release;
		};
		8AE35D0327395F9B0023AD2B /* Debug */ = {
			isa = XCBuildConfiguration;
			buildSettings = {
				ASSETCATALOG_COMPILER_APPICON_NAME = AppIcon;
				ASSETCATALOG_COMPILER_GLOBAL_ACCENT_COLOR_NAME = AccentColor;
				CODE_SIGN_STYLE = Automatic;
				CURRENT_PROJECT_VERSION = 1;
				DEVELOPMENT_TEAM = XJXA3BQDMJ;
				GENERATE_INFOPLIST_FILE = YES;
				INFOPLIST_FILE = MemoMemo/Info.plist;
				INFOPLIST_KEY_UIApplicationSupportsIndirectInputEvents = YES;
				INFOPLIST_KEY_UILaunchStoryboardName = LaunchScreen;
				INFOPLIST_KEY_UIMainStoryboardFile = Main;
				INFOPLIST_KEY_UISupportedInterfaceOrientations_iPad = "UIInterfaceOrientationPortrait UIInterfaceOrientationPortraitUpsideDown UIInterfaceOrientationLandscapeLeft UIInterfaceOrientationLandscapeRight";
				INFOPLIST_KEY_UISupportedInterfaceOrientations_iPhone = "UIInterfaceOrientationPortrait UIInterfaceOrientationLandscapeLeft UIInterfaceOrientationLandscapeRight";
				IPHONEOS_DEPLOYMENT_TARGET = 13.0;
				LD_RUNPATH_SEARCH_PATHS = (
					"$(inherited)",
					"@executable_path/Frameworks",
				);
				MARKETING_VERSION = 1.0;
				PRODUCT_BUNDLE_IDENTIFIER = com.GookBob.MemoMemo;
				PRODUCT_NAME = "$(TARGET_NAME)";
				SWIFT_EMIT_LOC_STRINGS = YES;
				SWIFT_VERSION = 5.0;
				TARGETED_DEVICE_FAMILY = "1,2";
			};
			name = Debug;
		};
		8AE35D0427395F9B0023AD2B /* Release */ = {
			isa = XCBuildConfiguration;
			buildSettings = {
				ASSETCATALOG_COMPILER_APPICON_NAME = AppIcon;
				ASSETCATALOG_COMPILER_GLOBAL_ACCENT_COLOR_NAME = AccentColor;
				CODE_SIGN_STYLE = Automatic;
				CURRENT_PROJECT_VERSION = 1;
				DEVELOPMENT_TEAM = XJXA3BQDMJ;
				GENERATE_INFOPLIST_FILE = YES;
				INFOPLIST_FILE = MemoMemo/Info.plist;
				INFOPLIST_KEY_UIApplicationSupportsIndirectInputEvents = YES;
				INFOPLIST_KEY_UILaunchStoryboardName = LaunchScreen;
				INFOPLIST_KEY_UIMainStoryboardFile = Main;
				INFOPLIST_KEY_UISupportedInterfaceOrientations_iPad = "UIInterfaceOrientationPortrait UIInterfaceOrientationPortraitUpsideDown UIInterfaceOrientationLandscapeLeft UIInterfaceOrientationLandscapeRight";
				INFOPLIST_KEY_UISupportedInterfaceOrientations_iPhone = "UIInterfaceOrientationPortrait UIInterfaceOrientationLandscapeLeft UIInterfaceOrientationLandscapeRight";
				IPHONEOS_DEPLOYMENT_TARGET = 13.0;
				LD_RUNPATH_SEARCH_PATHS = (
					"$(inherited)",
					"@executable_path/Frameworks",
				);
				MARKETING_VERSION = 1.0;
				PRODUCT_BUNDLE_IDENTIFIER = com.GookBob.MemoMemo;
				PRODUCT_NAME = "$(TARGET_NAME)";
				SWIFT_EMIT_LOC_STRINGS = YES;
				SWIFT_VERSION = 5.0;
				TARGETED_DEVICE_FAMILY = "1,2";
			};
			name = Release;
		};
/* End XCBuildConfiguration section */

/* Begin XCConfigurationList section */
		8AE35CE927395F9A0023AD2B /* Build configuration list for PBXProject "MemoMemo" */ = {
			isa = XCConfigurationList;
			buildConfigurations = (
				8AE35D0027395F9B0023AD2B /* Debug */,
				8AE35D0127395F9B0023AD2B /* Release */,
			);
			defaultConfigurationIsVisible = 0;
			defaultConfigurationName = Release;
		};
		8AE35D0227395F9B0023AD2B /* Build configuration list for PBXNativeTarget "MemoMemo" */ = {
			isa = XCConfigurationList;
			buildConfigurations = (
				8AE35D0327395F9B0023AD2B /* Debug */,
				8AE35D0427395F9B0023AD2B /* Release */,
			);
			defaultConfigurationIsVisible = 0;
			defaultConfigurationName = Release;
		};
/* End XCConfigurationList section */

/* Begin XCRemoteSwiftPackageReference section */
		8A958E8A273AA0A500440CB7 /* XCRemoteSwiftPackageReference "realm-cocoa" */ = {
			isa = XCRemoteSwiftPackageReference;
			repositoryURL = "https://github.com/realm/realm-cocoa.git";
			requirement = {
				kind = upToNextMajorVersion;
				minimumVersion = 10.0.0;
			};
		};
/* End XCRemoteSwiftPackageReference section */

/* Begin XCSwiftPackageProductDependency section */
		8A958E8B273AA0A500440CB7 /* Realm */ = {
			isa = XCSwiftPackageProductDependency;
			package = 8A958E8A273AA0A500440CB7 /* XCRemoteSwiftPackageReference "realm-cocoa" */;
			productName = Realm;
		};
		8A958E8D273AA0A500440CB7 /* RealmSwift */ = {
			isa = XCSwiftPackageProductDependency;
			package = 8A958E8A273AA0A500440CB7 /* XCRemoteSwiftPackageReference "realm-cocoa" */;
			productName = RealmSwift;
		};
/* End XCSwiftPackageProductDependency section */
	};
	rootObject = 8AE35CE627395F9A0023AD2B /* Project object */;
}
